
Microsoft Visual Studio Solution File, Format Version 12.00
# Visual Studio 15
VisualStudioVersion = 15.0.26124.0
MinimumVisualStudioVersion = 15.0.26124.0
Project("{FAE04EC0-301F-11D3-BF4B-00C04F79EFBC}") = "IdentityServer", "IdentityServer\IdentityServer.csproj", "{428ADDE8-B4B4-45A3-833A-C5702499D7D7}"
EndProject
Project("{FAE04EC0-301F-11D3-BF4B-00C04F79EFBC}") = "Api", "Api\Api.csproj", "{BFBF16C8-84B5-4E10-A8BC-AC08B6B49980}"
EndProject
Project("{FAE04EC0-301F-11D3-BF4B-00C04F79EFBC}") = "Client", "Client\Client.csproj", "{55D1C789-B472-4BEF-BC1C-4F5129DE60FC}"
EndProject
Project("{FAE04EC0-301F-11D3-BF4B-00C04F79EFBC}") = "JavaScriptClient", "JavaScriptClient\JavaScriptClient.csproj", "{8834B771-6170-44F6-A5BE-3E00C390BECF}"
EndProject
Global
	GlobalSection(SolutionConfigurationPlatforms) = preSolution
		Debug|Any CPU = Debug|Any CPU
		Debug|x64 = Debug|x64
		Debug|x86 = Debug|x86
		Release|Any CPU = Release|Any CPU
		Release|x64 = Release|x64
		Release|x86 = Release|x86
	EndGlobalSection
	GlobalSection(SolutionProperties) = preSolution
		HideSolutionNode = FALSE
	EndGlobalSection
	GlobalSection(ProjectConfigurationPlatforms) = postSolution
		{428ADDE8-B4B4-45A3-833A-C5702499D7D7}.Debug|Any CPU.ActiveCfg = Debug|Any CPU
		{428ADDE8-B4B4-45A3-833A-C5702499D7D7}.Debug|Any CPU.Build.0 = Debug|Any CPU
		{428ADDE8-B4B4-45A3-833A-C5702499D7D7}.Debug|x64.ActiveCfg = Debug|Any CPU
		{428ADDE8-B4B4-45A3-833A-C5702499D7D7}.Debug|x64.Build.0 = Debug|Any CPU
		{428ADDE8-B4B4-45A3-833A-C5702499D7D7}.Debug|x86.ActiveCfg = Debug|Any CPU
		{428ADDE8-B4B4-45A3-833A-C5702499D7D7}.Debug|x86.Build.0 = Debug|Any CPU
		{428ADDE8-B4B4-45A3-833A-C5702499D7D7}.Release|Any CPU.ActiveCfg = Release|Any CPU
		{428ADDE8-B4B4-45A3-833A-C5702499D7D7}.Release|Any CPU.Build.0 = Release|Any CPU
		{428ADDE8-B4B4-45A3-833A-C5702499D7D7}.Release|x64.ActiveCfg = Release|Any CPU
		{428ADDE8-B4B4-45A3-833A-C5702499D7D7}.Release|x64.Build.0 = Release|Any CPU
		{428ADDE8-B4B4-45A3-833A-C5702499D7D7}.Release|x86.ActiveCfg = Release|Any CPU
		{428ADDE8-B4B4-45A3-833A-C5702499D7D7}.Release|x86.Build.0 = Release|Any CPU
		{BFBF16C8-84B5-4E10-A8BC-AC08B6B49980}.Debug|Any CPU.ActiveCfg = Debug|Any CPU
		{BFBF16C8-84B5-4E10-A8BC-AC08B6B49980}.Debug|Any CPU.Build.0 = Debug|Any CPU
		{BFBF16C8-84B5-4E10-A8BC-AC08B6B49980}.Debug|x64.ActiveCfg = Debug|Any CPU
		{BFBF16C8-84B5-4E10-A8BC-AC08B6B49980}.Debug|x64.Build.0 = Debug|Any CPU
		{BFBF16C8-84B5-4E10-A8BC-AC08B6B49980}.Debug|x86.ActiveCfg = Debug|Any CPU
		{BFBF16C8-84B5-4E10-A8BC-AC08B6B49980}.Debug|x86.Build.0 = Debug|Any CPU
		{BFBF16C8-84B5-4E10-A8BC-AC08B6B49980}.Release|Any CPU.ActiveCfg = Release|Any CPU
		{BFBF16C8-84B5-4E10-A8BC-AC08B6B49980}.Release|Any CPU.Build.0 = Release|Any CPU
		{BFBF16C8-84B5-4E10-A8BC-AC08B6B49980}.Release|x64.ActiveCfg = Release|Any CPU
		{BFBF16C8-84B5-4E10-A8BC-AC08B6B49980}.Release|x64.Build.0 = Release|Any CPU
		{BFBF16C8-84B5-4E10-A8BC-AC08B6B49980}.Release|x86.ActiveCfg = Release|Any CPU
		{BFBF16C8-84B5-4E10-A8BC-AC08B6B49980}.Release|x86.Build.0 = Release|Any CPU
		{55D1C789-B472-4BEF-BC1C-4F5129DE60FC}.Debug|Any CPU.ActiveCfg = Debug|Any CPU
		{55D1C789-B472-4BEF-BC1C-4F5129DE60FC}.Debug|Any CPU.Build.0 = Debug|Any CPU
		{55D1C789-B472-4BEF-BC1C-4F5129DE60FC}.Debug|x64.ActiveCfg = Debug|Any CPU
		{55D1C789-B472-4BEF-BC1C-4F5129DE60FC}.Debug|x64.Build.0 = Debug|Any CPU
		{55D1C789-B472-4BEF-BC1C-4F5129DE60FC}.Debug|x86.ActiveCfg = Debug|Any CPU
		{55D1C789-B472-4BEF-BC1C-4F5129DE60FC}.Debug|x86.Build.0 = Debug|Any CPU
		{55D1C789-B472-4BEF-BC1C-4F5129DE60FC}.Release|Any CPU.ActiveCfg = Release|Any CPU
		{55D1C789-B472-4BEF-BC1C-4F5129DE60FC}.Release|Any CPU.Build.0 = Release|Any CPU
		{55D1C789-B472-4BEF-BC1C-4F5129DE60FC}.Release|x64.ActiveCfg = Release|Any CPU
		{55D1C789-B472-4BEF-BC1C-4F5129DE60FC}.Release|x64.Build.0 = Release|Any CPU
		{55D1C789-B472-4BEF-BC1C-4F5129DE60FC}.Release|x86.ActiveCfg = Release|Any CPU
		{55D1C789-B472-4BEF-BC1C-4F5129DE60FC}.Release|x86.Build.0 = Release|Any CPU
		{8834B771-6170-44F6-A5BE-3E00C390BECF}.Debug|Any CPU.ActiveCfg = Debug|Any CPU
		{8834B771-6170-44F6-A5BE-3E00C390BECF}.Debug|Any CPU.Build.0 = Debug|Any CPU
		{8834B771-6170-44F6-A5BE-3E00C390BECF}.Debug|x64.ActiveCfg = Debug|Any CPU
		{8834B771-6170-44F6-A5BE-3E00C390BECF}.Debug|x64.Build.0 = Debug|Any CPU
		{8834B771-6170-44F6-A5BE-3E00C390BECF}.Debug|x86.ActiveCfg = Debug|Any CPU
		{8834B771-6170-44F6-A5BE-3E00C390BECF}.Debug|x86.Build.0 = Debug|Any CPU
		{8834B771-6170-44F6-A5BE-3E00C390BECF}.Release|Any CPU.ActiveCfg = Release|Any CPU
		{8834B771-6170-44F6-A5BE-3E00C390BECF}.Release|Any CPU.Build.0 = Release|Any CPU
		{8834B771-6170-44F6-A5BE-3E00C390BECF}.Release|x64.ActiveCfg = Release|Any CPU
		{8834B771-6170-44F6-A5BE-3E00C390BECF}.Release|x64.Build.0 = Release|Any CPU
		{8834B771-6170-44F6-A5BE-3E00C390BECF}.Release|x86.ActiveCfg = Release|Any CPU
		{8834B771-6170-44F6-A5BE-3E00C390BECF}.Release|x86.Build.0 = Release|Any CPU
	EndGlobalSection
EndGlobal
